
Microsoft Visual Studio Solution File, Format Version 12.00
# Visual Studio 15
Project("{FAE04EC0-301F-11D3-BF4B-00C04F79EFBC}") = "TrueCoders", "TrueCoders\TrueCoders.csproj", "{1944F72E-54F9-445C-BF0F-7CBC0B81661B}"
EndProject
Global
	GlobalSection(SolutionConfigurationPlatforms) = preSolution
		Debug|Any CPU = Debug|Any CPU
		Release|Any CPU = Release|Any CPU
	EndGlobalSection
	GlobalSection(ProjectConfigurationPlatforms) = postSolution
		{1944F72E-54F9-445C-BF0F-7CBC0B81661B}.Debug|Any CPU.ActiveCfg = Debug|Any CPU
		{1944F72E-54F9-445C-BF0F-7CBC0B81661B}.Debug|Any CPU.Build.0 = Debug|Any CPU
		{1944F72E-54F9-445C-BF0F-7CBC0B81661B}.Release|Any CPU.ActiveCfg = Release|Any CPU
		{1944F72E-54F9-445C-BF0F-7CBC0B81661B}.Release|Any CPU.Build.0 = Release|Any CPU
	EndGlobalSection
EndGlobal
